
Microsoft Visual Studio Solution File, Format Version 12.00
# Visual Studio 14
VisualStudioVersion = 14.0.25420.1
MinimumVisualStudioVersion = 10.0.40219.1
Project("{FAE04EC0-301F-11D3-BF4B-00C04F79EFBC}") = "MVC4ServicesBook.Common", "MVC4ServicesBook.Common\MVC4ServicesBook.Common.csproj", "{3E7ACA54-ADFD-4F81-AC87-F3EBA1CEC632}"
EndProject
Project("{FAE04EC0-301F-11D3-BF4B-00C04F79EFBC}") = "MVC4ServicesBook.Data", "MVC4ServicesBook.Data\MVC4ServicesBook.Data.csproj", "{55CFEED7-23CC-4B95-A52D-7DFFF1339052}"
EndProject
Project("{FAE04EC0-301F-11D3-BF4B-00C04F79EFBC}") = "MVC4ServicesBook.Data.SqlServer", "MVC4ServicesBook.Data.SqlServer\MVC4ServicesBook.Data.SqlServer.csproj", "{F5866530-35E9-453B-B4B6-50649581FEB6}"
EndProject
Project("{FAE04EC0-301F-11D3-BF4B-00C04F79EFBC}") = "MVC4ServicesBook.Web.Api.Models", "MVC4ServicesBook.Web.Api.Models\MVC4ServicesBook.Web.Api.Models.csproj", "{BF1134F8-CBCB-496E-9964-D9E4D3CDE02F}"
EndProject
Project("{FAE04EC0-301F-11D3-BF4B-00C04F79EFBC}") = "MVC4ServicesBook.Web.Common", "MVC4ServicesBook.Web.Common\MVC4ServicesBook.Web.Common.csproj", "{4E750DA0-20A0-4522-89DA-69DFDCF93ED1}"
EndProject
Project("{00D1A9C2-B5F0-4AF3-8072-F6C62B433612}") = "MVC4ServicesDb", "MVC4ServicesDb\MVC4ServicesDb.sqlproj", "{D769B63F-6610-4BF9-A58E-2A82DF1D743D}"
EndProject
Project("{2150E333-8FDC-42A3-9474-1A3956D46DE8}") = "Tests", "Tests", "{045B313A-4DE2-4AD9-8827-62A4066EE11E}"
EndProject
Project("{FAE04EC0-301F-11D3-BF4B-00C04F79EFBC}") = "MVC4ServicesBook.Common.Tests", "MVC4ServicesBook.Common.Tests\MVC4ServicesBook.Common.Tests.csproj", "{6098F30E-6490-4F56-87E8-1CD930CFDB51}"
EndProject
Project("{FAE04EC0-301F-11D3-BF4B-00C04F79EFBC}") = "MVC4ServicesBook.Web.Api.Tests", "MVC4ServicesBook.Web.Api.Tests\MVC4ServicesBook.Web.Api.Tests.csproj", "{0678BCC0-6665-4978-8CCE-B538AE5207C4}"
EndProject
Project("{2150E333-8FDC-42A3-9474-1A3956D46DE8}") = "nuget", "nuget", "{BAE7FBF7-55E3-477E-8A0A-83313D894B0A}"
	ProjectSection(SolutionItems) = preProject
		NuGet.Config = NuGet.Config
	EndProjectSection
EndProject
Project("{FAE04EC0-301F-11D3-BF4B-00C04F79EFBC}") = "MVC4ServicesBook.Web.Api", "MVC4ServicesBook.Web.Api\MVC4ServicesBook.Web.Api.csproj", "{C7E6153B-28B3-490E-A305-BF9D25B00848}"
EndProject
Global
	GlobalSection(SolutionConfigurationPlatforms) = preSolution
		Debug|Any CPU = Debug|Any CPU
		Release|Any CPU = Release|Any CPU
	EndGlobalSection
	GlobalSection(ProjectConfigurationPlatforms) = postSolution
		{3E7ACA54-ADFD-4F81-AC87-F3EBA1CEC632}.Debug|Any CPU.ActiveCfg = Debug|Any CPU
		{3E7ACA54-ADFD-4F81-AC87-F3EBA1CEC632}.Debug|Any CPU.Build.0 = Debug|Any CPU
		{3E7ACA54-ADFD-4F81-AC87-F3EBA1CEC632}.Release|Any CPU.ActiveCfg = Release|Any CPU
		{3E7ACA54-ADFD-4F81-AC87-F3EBA1CEC632}.Release|Any CPU.Build.0 = Release|Any CPU
		{55CFEED7-23CC-4B95-A52D-7DFFF1339052}.Debug|Any CPU.ActiveCfg = Debug|Any CPU
		{55CFEED7-23CC-4B95-A52D-7DFFF1339052}.Debug|Any CPU.Build.0 = Debug|Any CPU
		{55CFEED7-23CC-4B95-A52D-7DFFF1339052}.Release|Any CPU.ActiveCfg = Release|Any CPU
		{55CFEED7-23CC-4B95-A52D-7DFFF1339052}.Release|Any CPU.Build.0 = Release|Any CPU
		{F5866530-35E9-453B-B4B6-50649581FEB6}.Debug|Any CPU.ActiveCfg = Debug|Any CPU
		{F5866530-35E9-453B-B4B6-50649581FEB6}.Debug|Any CPU.Build.0 = Debug|Any CPU
		{F5866530-35E9-453B-B4B6-50649581FEB6}.Release|Any CPU.ActiveCfg = Release|Any CPU
		{F5866530-35E9-453B-B4B6-50649581FEB6}.Release|Any CPU.Build.0 = Release|Any CPU
		{BF1134F8-CBCB-496E-9964-D9E4D3CDE02F}.Debug|Any CPU.ActiveCfg = Debug|Any CPU
		{BF1134F8-CBCB-496E-9964-D9E4D3CDE02F}.Debug|Any CPU.Build.0 = Debug|Any CPU
		{BF1134F8-CBCB-496E-9964-D9E4D3CDE02F}.Release|Any CPU.ActiveCfg = Release|Any CPU
		{BF1134F8-CBCB-496E-9964-D9E4D3CDE02F}.Release|Any CPU.Build.0 = Release|Any CPU
		{4E750DA0-20A0-4522-89DA-69DFDCF93ED1}.Debug|Any CPU.ActiveCfg = Debug|Any CPU
		{4E750DA0-20A0-4522-89DA-69DFDCF93ED1}.Debug|Any CPU.Build.0 = Debug|Any CPU
		{4E750DA0-20A0-4522-89DA-69DFDCF93ED1}.Release|Any CPU.ActiveCfg = Release|Any CPU
		{4E750DA0-20A0-4522-89DA-69DFDCF93ED1}.Release|Any CPU.Build.0 = Release|Any CPU
		{D769B63F-6610-4BF9-A58E-2A82DF1D743D}.Debug|Any CPU.ActiveCfg = Debug|Any CPU
		{D769B63F-6610-4BF9-A58E-2A82DF1D743D}.Debug|Any CPU.Build.0 = Debug|Any CPU
		{D769B63F-6610-4BF9-A58E-2A82DF1D743D}.Debug|Any CPU.Deploy.0 = Debug|Any CPU
		{D769B63F-6610-4BF9-A58E-2A82DF1D743D}.Release|Any CPU.ActiveCfg = Release|Any CPU
		{D769B63F-6610-4BF9-A58E-2A82DF1D743D}.Release|Any CPU.Build.0 = Release|Any CPU
		{D769B63F-6610-4BF9-A58E-2A82DF1D743D}.Release|Any CPU.Deploy.0 = Release|Any CPU
		{6098F30E-6490-4F56-87E8-1CD930CFDB51}.Debug|Any CPU.ActiveCfg = Debug|Any CPU
		{6098F30E-6490-4F56-87E8-1CD930CFDB51}.Debug|Any CPU.Build.0 = Debug|Any CPU
		{6098F30E-6490-4F56-87E8-1CD930CFDB51}.Release|Any CPU.ActiveCfg = Release|Any CPU
		{6098F30E-6490-4F56-87E8-1CD930CFDB51}.Release|Any CPU.Build.0 = Release|Any CPU
		{0678BCC0-6665-4978-8CCE-B538AE5207C4}.Debug|Any CPU.ActiveCfg = Debug|Any CPU
		{0678BCC0-6665-4978-8CCE-B538AE5207C4}.Debug|Any CPU.Build.0 = Debug|Any CPU
		{0678BCC0-6665-4978-8CCE-B538AE5207C4}.Release|Any CPU.ActiveCfg = Release|Any CPU
		{0678BCC0-6665-4978-8CCE-B538AE5207C4}.Release|Any CPU.Build.0 = Release|Any CPU
		{C7E6153B-28B3-490E-A305-BF9D25B00848}.Debug|Any CPU.ActiveCfg = Debug|Any CPU
		{C7E6153B-28B3-490E-A305-BF9D25B00848}.Debug|Any CPU.Build.0 = Debug|Any CPU
		{C7E6153B-28B3-490E-A305-BF9D25B00848}.Release|Any CPU.ActiveCfg = Release|Any CPU
		{C7E6153B-28B3-490E-A305-BF9D25B00848}.Release|Any CPU.Build.0 = Release|Any CPU
	EndGlobalSection
	GlobalSection(SolutionProperties) = preSolution
		HideSolutionNode = FALSE
	EndGlobalSection
	GlobalSection(NestedProjects) = preSolution
		{6098F30E-6490-4F56-87E8-1CD930CFDB51} = {045B313A-4DE2-4AD9-8827-62A4066EE11E}
		{0678BCC0-6665-4978-8CCE-B538AE5207C4} = {045B313A-4DE2-4AD9-8827-62A4066EE11E}
	EndGlobalSection
EndGlobal
